
Microsoft Visual Studio Solution File, Format Version 12.00
# Visual Studio Version 17
VisualStudioVersion = 17.14.36212.18 d17.14
MinimumVisualStudioVersion = 10.0.40219.1
Project("{FAE04EC0-301F-11D3-BF4B-00C04F79EFBC}") = "WebAPI_RateLimit", "WebAPI_RateLimit.csproj", "{87B8EC34-7A20-46A5-8F27-E9AF3DC5A76B}"
EndProject
Global
	GlobalSection(SolutionConfigurationPlatforms) = preSolution
		Debug|Any CPU = Debug|Any CPU
		Release|Any CPU = Release|Any CPU
	EndGlobalSection
	GlobalSection(ProjectConfigurationPlatforms) = postSolution
		{87B8EC34-7A20-46A5-8F27-E9AF3DC5A76B}.Debug|Any CPU.ActiveCfg = Debug|Any CPU
		{87B8EC34-7A20-46A5-8F27-E9AF3DC5A76B}.Debug|Any CPU.Build.0 = Debug|Any CPU
		{87B8EC34-7A20-46A5-8F27-E9AF3DC5A76B}.Release|Any CPU.ActiveCfg = Release|Any CPU
		{87B8EC34-7A20-46A5-8F27-E9AF3DC5A76B}.Release|Any CPU.Build.0 = Release|Any CPU
	EndGlobalSection
	GlobalSection(SolutionProperties) = preSolution
		HideSolutionNode = FALSE
	EndGlobalSection
	GlobalSection(ExtensibilityGlobals) = postSolution
		SolutionGuid = {9C6E551E-8828-4195-88C0-EB49E83D6AB3}
	EndGlobalSection
EndGlobal
